
Microsoft Visual Studio Solution File, Format Version 12.00
# Visual Studio Version 16
VisualStudioVersion = 16.0.31205.134
MinimumVisualStudioVersion = 10.0.40219.1
Project("{FAE04EC0-301F-11D3-BF4B-00C04F79EFBC}") = "AdvancedHighlighting", "AdvancedHighlighting\AdvancedHighlighting.csproj", "{ADB59190-BC97-4509-AB62-C64A4D9A93EC}"
EndProject
Global
	GlobalSection(SolutionConfigurationPlatforms) = preSolution
		Debug|Any CPU = Debug|Any CPU
		Release|Any CPU = Release|Any CPU
	EndGlobalSection
	GlobalSection(ProjectConfigurationPlatforms) = postSolution
		{ADB59190-BC97-4509-AB62-C64A4D9A93EC}.Debug|Any CPU.ActiveCfg = Debug|Any CPU
		{ADB59190-BC97-4509-AB62-C64A4D9A93EC}.Debug|Any CPU.Build.0 = Debug|Any CPU
		{ADB59190-BC97-4509-AB62-C64A4D9A93EC}.Release|Any CPU.ActiveCfg = Release|Any CPU
		{ADB59190-BC97-4509-AB62-C64A4D9A93EC}.Release|Any CPU.Build.0 = Release|Any CPU
	EndGlobalSection
	GlobalSection(SolutionProperties) = preSolution
		HideSolutionNode = FALSE
	EndGlobalSection
	GlobalSection(ExtensibilityGlobals) = postSolution
		SolutionGuid = {DE65AB4D-0403-405F-9AF3-B3C441CE4842}
	EndGlobalSection
EndGlobal
