
Microsoft Visual Studio Solution File, Format Version 12.00
# Visual Studio Version 16
VisualStudioVersion = 16.0.31321.278
MinimumVisualStudioVersion = 10.0.40219.1
Project("{FAE04EC0-301F-11D3-BF4B-00C04F79EFBC}") = "AutosortLockersSML", "AutosortLockersSML.csproj", "{6C883B28-31E6-4C26-B32B-BF5BE0D70190}"
EndProject
Global
	GlobalSection(SharedMSBuildProjectFiles) = preSolution
		..\Common\Common.projitems*{6c883b28-31e6-4c26-b32b-bf5be0d70190}*SharedItemsImports = 4
	EndGlobalSection
	GlobalSection(SolutionConfigurationPlatforms) = preSolution
		BZ|Any CPU = BZ|Any CPU
		Debug|Any CPU = Debug|Any CPU
		Release|Any CPU = Release|Any CPU
		SN1|Any CPU = SN1|Any CPU
	EndGlobalSection
	GlobalSection(ProjectConfigurationPlatforms) = postSolution
		{6C883B28-31E6-4C26-B32B-BF5BE0D70190}.BZ|Any CPU.ActiveCfg = BZ|Any CPU
		{6C883B28-31E6-4C26-B32B-BF5BE0D70190}.BZ|Any CPU.Build.0 = BZ|Any CPU
		{6C883B28-31E6-4C26-B32B-BF5BE0D70190}.Debug|Any CPU.ActiveCfg = Debug|Any CPU
		{6C883B28-31E6-4C26-B32B-BF5BE0D70190}.Debug|Any CPU.Build.0 = Debug|Any CPU
		{6C883B28-31E6-4C26-B32B-BF5BE0D70190}.Release|Any CPU.ActiveCfg = Release|Any CPU
		{6C883B28-31E6-4C26-B32B-BF5BE0D70190}.Release|Any CPU.Build.0 = Release|Any CPU
		{6C883B28-31E6-4C26-B32B-BF5BE0D70190}.SN1|Any CPU.ActiveCfg = SN1|Any CPU
		{6C883B28-31E6-4C26-B32B-BF5BE0D70190}.SN1|Any CPU.Build.0 = SN1|Any CPU
	EndGlobalSection
	GlobalSection(SolutionProperties) = preSolution
		HideSolutionNode = FALSE
	EndGlobalSection
	GlobalSection(ExtensibilityGlobals) = postSolution
		SolutionGuid = {225DA48E-099A-4A1B-93BB-50193BFA7900}
	EndGlobalSection
EndGlobal
