
Microsoft Visual Studio Solution File, Format Version 12.00
# Visual Studio 15
VisualStudioVersion = 15.0.26730.16
MinimumVisualStudioVersion = 10.0.40219.1
Project("{FAE04EC0-301F-11D3-BF4B-00C04F79EFBC}") = "MoreQuickSlots", "MoreQuickSlots\MoreQuickSlots.csproj", "{2B390DAA-56B9-42D9-BAD4-8A47736C0563}"
EndProject
Project("{FAE04EC0-301F-11D3-BF4B-00C04F79EFBC}") = "ModInjector_MoreQuickSlots", "ModInjector_MoreQuickSlots\ModInjector_MoreQuickSlots.csproj", "{09868E2D-416A-441C-9D9A-19D791E8FC42}"
EndProject
Project("{FAE04EC0-301F-11D3-BF4B-00C04F79EFBC}") = "BetterPowerInfo", "BetterPowerInfo\BetterPowerInfo.csproj", "{0D86304E-0A53-422A-99E6-0C687D9DBBC6}"
EndProject
Project("{FAE04EC0-301F-11D3-BF4B-00C04F79EFBC}") = "BlueprintTracker", "BlueprintTracker\BlueprintTracker.csproj", "{CF7E5EA0-EE32-4330-AF9C-E720E9A64681}"
EndProject
Project("{FAE04EC0-301F-11D3-BF4B-00C04F79EFBC}") = "QuitToDesktop", "QuitToDesktop\QuitToDesktop.csproj", "{BFFEC1AE-67D2-4CBA-B76B-76DF2BA9C053}"
EndProject
Project("{FAE04EC0-301F-11D3-BF4B-00C04F79EFBC}") = "LongLockerNames", "LongLockerNames\LongLockerNames.csproj", "{7B7CDBE9-9FAC-4E28-A42C-80A21066D7AB}"
EndProject
Project("{D954291E-2A0B-460D-934E-DC6B0785DB48}") = "Common", "Common\Common.shproj", "{DD1D2DC7-3BDC-4DC1-99C8-2D0CCBF2B171}"
EndProject
Project("{FAE04EC0-301F-11D3-BF4B-00C04F79EFBC}") = "AutosortLockers", "AutosortLockers\AutosortLockers.csproj", "{6C883B28-31E6-4C26-B32B-BF5BE0D70190}"
EndProject
Global
	GlobalSection(SharedMSBuildProjectFiles) = preSolution
		Common\Common.projitems*{0d86304e-0a53-422a-99e6-0c687d9dbbc6}*SharedItemsImports = 4
		Common\Common.projitems*{2b390daa-56b9-42d9-bad4-8a47736c0563}*SharedItemsImports = 4
		Common\Common.projitems*{6c883b28-31e6-4c26-b32b-bf5be0d70190}*SharedItemsImports = 4
		Common\Common.projitems*{7b7cdbe9-9fac-4e28-a42c-80a21066d7ab}*SharedItemsImports = 4
		Common\Common.projitems*{cf7e5ea0-ee32-4330-af9c-e720e9a64681}*SharedItemsImports = 4
		Common\Common.projitems*{dd1d2dc7-3bdc-4dc1-99c8-2d0ccbf2b171}*SharedItemsImports = 13
	EndGlobalSection
	GlobalSection(SolutionConfigurationPlatforms) = preSolution
		Debug|Any CPU = Debug|Any CPU
		Release|Any CPU = Release|Any CPU
	EndGlobalSection
	GlobalSection(ProjectConfigurationPlatforms) = postSolution
		{2B390DAA-56B9-42D9-BAD4-8A47736C0563}.Debug|Any CPU.ActiveCfg = Debug|Any CPU
		{2B390DAA-56B9-42D9-BAD4-8A47736C0563}.Debug|Any CPU.Build.0 = Debug|Any CPU
		{2B390DAA-56B9-42D9-BAD4-8A47736C0563}.Release|Any CPU.ActiveCfg = Release|Any CPU
		{2B390DAA-56B9-42D9-BAD4-8A47736C0563}.Release|Any CPU.Build.0 = Release|Any CPU
		{09868E2D-416A-441C-9D9A-19D791E8FC42}.Debug|Any CPU.ActiveCfg = Debug|Any CPU
		{09868E2D-416A-441C-9D9A-19D791E8FC42}.Debug|Any CPU.Build.0 = Debug|Any CPU
		{09868E2D-416A-441C-9D9A-19D791E8FC42}.Release|Any CPU.ActiveCfg = Release|Any CPU
		{09868E2D-416A-441C-9D9A-19D791E8FC42}.Release|Any CPU.Build.0 = Release|Any CPU
		{0D86304E-0A53-422A-99E6-0C687D9DBBC6}.Debug|Any CPU.ActiveCfg = Debug|Any CPU
		{0D86304E-0A53-422A-99E6-0C687D9DBBC6}.Debug|Any CPU.Build.0 = Debug|Any CPU
		{0D86304E-0A53-422A-99E6-0C687D9DBBC6}.Release|Any CPU.ActiveCfg = Release|Any CPU
		{0D86304E-0A53-422A-99E6-0C687D9DBBC6}.Release|Any CPU.Build.0 = Release|Any CPU
		{CF7E5EA0-EE32-4330-AF9C-E720E9A64681}.Debug|Any CPU.ActiveCfg = Debug|Any CPU
		{CF7E5EA0-EE32-4330-AF9C-E720E9A64681}.Debug|Any CPU.Build.0 = Debug|Any CPU
		{CF7E5EA0-EE32-4330-AF9C-E720E9A64681}.Release|Any CPU.ActiveCfg = Release|Any CPU
		{CF7E5EA0-EE32-4330-AF9C-E720E9A64681}.Release|Any CPU.Build.0 = Release|Any CPU
		{BFFEC1AE-67D2-4CBA-B76B-76DF2BA9C053}.Debug|Any CPU.ActiveCfg = Debug|Any CPU
		{BFFEC1AE-67D2-4CBA-B76B-76DF2BA9C053}.Debug|Any CPU.Build.0 = Debug|Any CPU
		{BFFEC1AE-67D2-4CBA-B76B-76DF2BA9C053}.Release|Any CPU.ActiveCfg = Release|Any CPU
		{BFFEC1AE-67D2-4CBA-B76B-76DF2BA9C053}.Release|Any CPU.Build.0 = Release|Any CPU
		{7B7CDBE9-9FAC-4E28-A42C-80A21066D7AB}.Debug|Any CPU.ActiveCfg = Debug|Any CPU
		{7B7CDBE9-9FAC-4E28-A42C-80A21066D7AB}.Debug|Any CPU.Build.0 = Debug|Any CPU
		{7B7CDBE9-9FAC-4E28-A42C-80A21066D7AB}.Release|Any CPU.ActiveCfg = Release|Any CPU
		{7B7CDBE9-9FAC-4E28-A42C-80A21066D7AB}.Release|Any CPU.Build.0 = Release|Any CPU
		{6C883B28-31E6-4C26-B32B-BF5BE0D70190}.Debug|Any CPU.ActiveCfg = Debug|Any CPU
		{6C883B28-31E6-4C26-B32B-BF5BE0D70190}.Debug|Any CPU.Build.0 = Debug|Any CPU
		{6C883B28-31E6-4C26-B32B-BF5BE0D70190}.Release|Any CPU.ActiveCfg = Release|Any CPU
		{6C883B28-31E6-4C26-B32B-BF5BE0D70190}.Release|Any CPU.Build.0 = Release|Any CPU
	EndGlobalSection
	GlobalSection(SolutionProperties) = preSolution
		HideSolutionNode = FALSE
	EndGlobalSection
	GlobalSection(ExtensibilityGlobals) = postSolution
		SolutionGuid = {CDBD310C-8412-406C-B7E8-237B7CF7336D}
	EndGlobalSection
EndGlobal
