
Microsoft Visual Studio Solution File, Format Version 12.00
# Visual Studio Version 16
VisualStudioVersion = 16.0.30104.148
MinimumVisualStudioVersion = 10.0.40219.1
Project("{FAE04EC0-301F-11D3-BF4B-00C04F79EFBC}") = "MoreQuickSlots", "MoreQuickSlots\MoreQuickSlots.csproj", "{2B390DAA-56B9-42D9-BAD4-8A47736C0563}"
EndProject
Project("{FAE04EC0-301F-11D3-BF4B-00C04F79EFBC}") = "ModInjector_MoreQuickSlots", "ModInjector_MoreQuickSlots\ModInjector_MoreQuickSlots.csproj", "{09868E2D-416A-441C-9D9A-19D791E8FC42}"
EndProject
Project("{FAE04EC0-301F-11D3-BF4B-00C04F79EFBC}") = "BetterPowerInfo", "BetterPowerInfo\BetterPowerInfo.csproj", "{0D86304E-0A53-422A-99E6-0C687D9DBBC6}"
EndProject
Project("{FAE04EC0-301F-11D3-BF4B-00C04F79EFBC}") = "BlueprintTracker", "BlueprintTracker\BlueprintTracker.csproj", "{CF7E5EA0-EE32-4330-AF9C-E720E9A64681}"
EndProject
Project("{FAE04EC0-301F-11D3-BF4B-00C04F79EFBC}") = "QuitToDesktop", "QuitToDesktop\QuitToDesktop.csproj", "{BFFEC1AE-67D2-4CBA-B76B-76DF2BA9C053}"
EndProject
Project("{FAE04EC0-301F-11D3-BF4B-00C04F79EFBC}") = "LongLockerNames", "LongLockerNames\LongLockerNames.csproj", "{7B7CDBE9-9FAC-4E28-A42C-80A21066D7AB}"
EndProject
Project("{D954291E-2A0B-460D-934E-DC6B0785DB48}") = "Common", "Common\Common.shproj", "{DD1D2DC7-3BDC-4DC1-99C8-2D0CCBF2B171}"
EndProject
Project("{FAE04EC0-301F-11D3-BF4B-00C04F79EFBC}") = "AutosortLockers", "AutosortLockers\AutosortLockers.csproj", "{6C883B28-31E6-4C26-B32B-BF5BE0D70190}"
EndProject
Project("{FAE04EC0-301F-11D3-BF4B-00C04F79EFBC}") = "BetterScannerBlips", "BetterScannerBlips\BetterScannerBlips.csproj", "{B7752C03-C7BB-494F-BA52-9CD5EC649AA7}"
EndProject
Project("{FAE04EC0-301F-11D3-BF4B-00C04F79EFBC}") = "SeaglideMapControls", "SeaglideMapMod\SeaglideMapControls.csproj", "{829B1A80-D3B3-431A-A4B8-284C6B9DE226}"
EndProject
Project("{FAE04EC0-301F-11D3-BF4B-00C04F79EFBC}") = "CustomizedStorage", "CustomizedStorage\CustomizedStorage.csproj", "{D9A802D6-AD51-4543-9903-0B90B1FA65AC}"
EndProject
Project("{FAE04EC0-301F-11D3-BF4B-00C04F79EFBC}") = "PrawnsuitLightswitch", "PrawnsuitLightswitch\PrawnsuitLightswitch.csproj", "{7E1DE3EC-3325-4F95-B306-616E1FA23B40}"
EndProject
Project("{FAE04EC0-301F-11D3-BF4B-00C04F79EFBC}") = "HabitatControlPanel", "HabitatControlPanel\HabitatControlPanel.csproj", "{F8A529A2-4CF8-4651-B0E8-B43B26C66753}"
EndProject
Project("{FAE04EC0-301F-11D3-BF4B-00C04F79EFBC}") = "zzzEnableConsole", "zzzEnableConsole\zzzEnableConsole.csproj", "{1CC2A3A8-342F-4C3F-83C7-249882920D71}"
EndProject
Project("{FAE04EC0-301F-11D3-BF4B-00C04F79EFBC}") = "DockedVehicleStorageAccess", "DockedVehicleStorageAccess\DockedVehicleStorageAccess.csproj", "{683A1124-D419-49F6-B602-60A803658315}"
EndProject
Project("{FAE04EC0-301F-11D3-BF4B-00C04F79EFBC}") = "CustomBeacons", "CustomPings\CustomBeacons.csproj", "{667BF0BB-F5AB-446C-A6B3-3FAABB2F49D5}"
EndProject
Project("{FAE04EC0-301F-11D3-BF4B-00C04F79EFBC}") = "BaseTeleporters", "BaseTeleporters\BaseTeleporters.csproj", "{FD7B0BB5-6BCF-45B6-9145-10A8F0FEF277}"
EndProject
Project("{FAE04EC0-301F-11D3-BF4B-00C04F79EFBC}") = "WhiteLights", "WhiteLights\WhiteLights.csproj", "{03B89974-4EA6-4CD4-8C9F-C039EB81DE5F}"
EndProject
Project("{FAE04EC0-301F-11D3-BF4B-00C04F79EFBC}") = "TorpedoImprovements", "TorpedoImprovements\TorpedoImprovements.csproj", "{B4A7744B-F777-426C-94CD-1470B680B5B7}"
EndProject
Project("{FAE04EC0-301F-11D3-BF4B-00C04F79EFBC}") = "HudConfig", "HudConfig\HudConfig.csproj", "{2EBF18DB-437E-4A9A-A03C-06770A3F9CB6}"
EndProject
Global
	GlobalSection(SharedMSBuildProjectFiles) = preSolution
		Common\Common.projitems*{03b89974-4ea6-4cd4-8c9f-c039eb81de5f}*SharedItemsImports = 4
		Common\Common.projitems*{0d86304e-0a53-422a-99e6-0c687d9dbbc6}*SharedItemsImports = 4
		Common\Common.projitems*{2ebf18db-437e-4a9a-a03c-06770a3f9cb6}*SharedItemsImports = 4
		Common\Common.projitems*{667bf0bb-f5ab-446c-a6b3-3faabb2f49d5}*SharedItemsImports = 4
		Common\Common.projitems*{683a1124-d419-49f6-b602-60a803658315}*SharedItemsImports = 4
		Common\Common.projitems*{6c883b28-31e6-4c26-b32b-bf5be0d70190}*SharedItemsImports = 4
		Common\Common.projitems*{7b7cdbe9-9fac-4e28-a42c-80a21066d7ab}*SharedItemsImports = 4
		Common\Common.projitems*{7e1de3ec-3325-4f95-b306-616e1fa23b40}*SharedItemsImports = 4
		Common\Common.projitems*{829b1a80-d3b3-431a-a4b8-284c6b9de226}*SharedItemsImports = 4
		Common\Common.projitems*{b4a7744b-f777-426c-94cd-1470b680b5b7}*SharedItemsImports = 4
		Common\Common.projitems*{b7752c03-c7bb-494f-ba52-9cd5ec649aa7}*SharedItemsImports = 4
		Common\Common.projitems*{cf7e5ea0-ee32-4330-af9c-e720e9a64681}*SharedItemsImports = 4
		Common\Common.projitems*{d9a802d6-ad51-4543-9903-0b90b1fa65ac}*SharedItemsImports = 4
		Common\Common.projitems*{dd1d2dc7-3bdc-4dc1-99c8-2d0ccbf2b171}*SharedItemsImports = 13
		Common\Common.projitems*{f8a529a2-4cf8-4651-b0e8-b43b26c66753}*SharedItemsImports = 4
		Common\Common.projitems*{fd7b0bb5-6bcf-45b6-9145-10a8f0fef277}*SharedItemsImports = 4
	EndGlobalSection
	GlobalSection(SolutionConfigurationPlatforms) = preSolution
		Debug_Autosort|Any CPU = Debug_Autosort|Any CPU
		Debug|Any CPU = Debug|Any CPU
		Release|Any CPU = Release|Any CPU
	EndGlobalSection
	GlobalSection(ProjectConfigurationPlatforms) = postSolution
		{2B390DAA-56B9-42D9-BAD4-8A47736C0563}.Debug_Autosort|Any CPU.ActiveCfg = Debug|Any CPU
		{2B390DAA-56B9-42D9-BAD4-8A47736C0563}.Debug_Autosort|Any CPU.Build.0 = Debug|Any CPU
		{2B390DAA-56B9-42D9-BAD4-8A47736C0563}.Debug|Any CPU.ActiveCfg = Debug|Any CPU
		{2B390DAA-56B9-42D9-BAD4-8A47736C0563}.Debug|Any CPU.Build.0 = Debug|Any CPU
		{2B390DAA-56B9-42D9-BAD4-8A47736C0563}.Release|Any CPU.ActiveCfg = Release|Any CPU
		{2B390DAA-56B9-42D9-BAD4-8A47736C0563}.Release|Any CPU.Build.0 = Release|Any CPU
		{09868E2D-416A-441C-9D9A-19D791E8FC42}.Debug_Autosort|Any CPU.ActiveCfg = Debug|Any CPU
		{09868E2D-416A-441C-9D9A-19D791E8FC42}.Debug_Autosort|Any CPU.Build.0 = Debug|Any CPU
		{09868E2D-416A-441C-9D9A-19D791E8FC42}.Debug|Any CPU.ActiveCfg = Debug|Any CPU
		{09868E2D-416A-441C-9D9A-19D791E8FC42}.Debug|Any CPU.Build.0 = Debug|Any CPU
		{09868E2D-416A-441C-9D9A-19D791E8FC42}.Release|Any CPU.ActiveCfg = Release|Any CPU
		{09868E2D-416A-441C-9D9A-19D791E8FC42}.Release|Any CPU.Build.0 = Release|Any CPU
		{0D86304E-0A53-422A-99E6-0C687D9DBBC6}.Debug_Autosort|Any CPU.ActiveCfg = Debug|Any CPU
		{0D86304E-0A53-422A-99E6-0C687D9DBBC6}.Debug_Autosort|Any CPU.Build.0 = Debug|Any CPU
		{0D86304E-0A53-422A-99E6-0C687D9DBBC6}.Debug|Any CPU.ActiveCfg = Debug|Any CPU
		{0D86304E-0A53-422A-99E6-0C687D9DBBC6}.Debug|Any CPU.Build.0 = Debug|Any CPU
		{0D86304E-0A53-422A-99E6-0C687D9DBBC6}.Release|Any CPU.ActiveCfg = Release|Any CPU
		{0D86304E-0A53-422A-99E6-0C687D9DBBC6}.Release|Any CPU.Build.0 = Release|Any CPU
		{CF7E5EA0-EE32-4330-AF9C-E720E9A64681}.Debug_Autosort|Any CPU.ActiveCfg = Debug|Any CPU
		{CF7E5EA0-EE32-4330-AF9C-E720E9A64681}.Debug_Autosort|Any CPU.Build.0 = Debug|Any CPU
		{CF7E5EA0-EE32-4330-AF9C-E720E9A64681}.Debug|Any CPU.ActiveCfg = Debug|Any CPU
		{CF7E5EA0-EE32-4330-AF9C-E720E9A64681}.Debug|Any CPU.Build.0 = Debug|Any CPU
		{CF7E5EA0-EE32-4330-AF9C-E720E9A64681}.Release|Any CPU.ActiveCfg = Release|Any CPU
		{CF7E5EA0-EE32-4330-AF9C-E720E9A64681}.Release|Any CPU.Build.0 = Release|Any CPU
		{BFFEC1AE-67D2-4CBA-B76B-76DF2BA9C053}.Debug_Autosort|Any CPU.ActiveCfg = Debug|Any CPU
		{BFFEC1AE-67D2-4CBA-B76B-76DF2BA9C053}.Debug_Autosort|Any CPU.Build.0 = Debug|Any CPU
		{BFFEC1AE-67D2-4CBA-B76B-76DF2BA9C053}.Debug|Any CPU.ActiveCfg = Debug|Any CPU
		{BFFEC1AE-67D2-4CBA-B76B-76DF2BA9C053}.Debug|Any CPU.Build.0 = Debug|Any CPU
		{BFFEC1AE-67D2-4CBA-B76B-76DF2BA9C053}.Release|Any CPU.ActiveCfg = Release|Any CPU
		{BFFEC1AE-67D2-4CBA-B76B-76DF2BA9C053}.Release|Any CPU.Build.0 = Release|Any CPU
		{7B7CDBE9-9FAC-4E28-A42C-80A21066D7AB}.Debug_Autosort|Any CPU.ActiveCfg = Debug|Any CPU
		{7B7CDBE9-9FAC-4E28-A42C-80A21066D7AB}.Debug_Autosort|Any CPU.Build.0 = Debug|Any CPU
		{7B7CDBE9-9FAC-4E28-A42C-80A21066D7AB}.Debug|Any CPU.ActiveCfg = Debug|Any CPU
		{7B7CDBE9-9FAC-4E28-A42C-80A21066D7AB}.Debug|Any CPU.Build.0 = Debug|Any CPU
		{7B7CDBE9-9FAC-4E28-A42C-80A21066D7AB}.Release|Any CPU.ActiveCfg = Release|Any CPU
		{7B7CDBE9-9FAC-4E28-A42C-80A21066D7AB}.Release|Any CPU.Build.0 = Release|Any CPU
		{6C883B28-31E6-4C26-B32B-BF5BE0D70190}.Debug_Autosort|Any CPU.ActiveCfg = Release|Any CPU
		{6C883B28-31E6-4C26-B32B-BF5BE0D70190}.Debug_Autosort|Any CPU.Build.0 = Release|Any CPU
		{6C883B28-31E6-4C26-B32B-BF5BE0D70190}.Debug|Any CPU.ActiveCfg = Debug|Any CPU
		{6C883B28-31E6-4C26-B32B-BF5BE0D70190}.Debug|Any CPU.Build.0 = Debug|Any CPU
		{6C883B28-31E6-4C26-B32B-BF5BE0D70190}.Release|Any CPU.ActiveCfg = Release|Any CPU
		{6C883B28-31E6-4C26-B32B-BF5BE0D70190}.Release|Any CPU.Build.0 = Release|Any CPU
		{B7752C03-C7BB-494F-BA52-9CD5EC649AA7}.Debug_Autosort|Any CPU.ActiveCfg = Debug|Any CPU
		{B7752C03-C7BB-494F-BA52-9CD5EC649AA7}.Debug_Autosort|Any CPU.Build.0 = Debug|Any CPU
		{B7752C03-C7BB-494F-BA52-9CD5EC649AA7}.Debug|Any CPU.ActiveCfg = Debug|Any CPU
		{B7752C03-C7BB-494F-BA52-9CD5EC649AA7}.Debug|Any CPU.Build.0 = Debug|Any CPU
		{B7752C03-C7BB-494F-BA52-9CD5EC649AA7}.Release|Any CPU.ActiveCfg = Release|Any CPU
		{B7752C03-C7BB-494F-BA52-9CD5EC649AA7}.Release|Any CPU.Build.0 = Release|Any CPU
		{829B1A80-D3B3-431A-A4B8-284C6B9DE226}.Debug_Autosort|Any CPU.ActiveCfg = Debug|Any CPU
		{829B1A80-D3B3-431A-A4B8-284C6B9DE226}.Debug_Autosort|Any CPU.Build.0 = Debug|Any CPU
		{829B1A80-D3B3-431A-A4B8-284C6B9DE226}.Debug|Any CPU.ActiveCfg = Debug|Any CPU
		{829B1A80-D3B3-431A-A4B8-284C6B9DE226}.Debug|Any CPU.Build.0 = Debug|Any CPU
		{829B1A80-D3B3-431A-A4B8-284C6B9DE226}.Release|Any CPU.ActiveCfg = Release|Any CPU
		{829B1A80-D3B3-431A-A4B8-284C6B9DE226}.Release|Any CPU.Build.0 = Release|Any CPU
		{D9A802D6-AD51-4543-9903-0B90B1FA65AC}.Debug_Autosort|Any CPU.ActiveCfg = Debug|Any CPU
		{D9A802D6-AD51-4543-9903-0B90B1FA65AC}.Debug_Autosort|Any CPU.Build.0 = Debug|Any CPU
		{D9A802D6-AD51-4543-9903-0B90B1FA65AC}.Debug|Any CPU.ActiveCfg = Debug|Any CPU
		{D9A802D6-AD51-4543-9903-0B90B1FA65AC}.Debug|Any CPU.Build.0 = Debug|Any CPU
		{D9A802D6-AD51-4543-9903-0B90B1FA65AC}.Release|Any CPU.ActiveCfg = Release|Any CPU
		{D9A802D6-AD51-4543-9903-0B90B1FA65AC}.Release|Any CPU.Build.0 = Release|Any CPU
		{7E1DE3EC-3325-4F95-B306-616E1FA23B40}.Debug_Autosort|Any CPU.ActiveCfg = Debug|Any CPU
		{7E1DE3EC-3325-4F95-B306-616E1FA23B40}.Debug_Autosort|Any CPU.Build.0 = Debug|Any CPU
		{7E1DE3EC-3325-4F95-B306-616E1FA23B40}.Debug|Any CPU.ActiveCfg = Debug|Any CPU
		{7E1DE3EC-3325-4F95-B306-616E1FA23B40}.Debug|Any CPU.Build.0 = Debug|Any CPU
		{7E1DE3EC-3325-4F95-B306-616E1FA23B40}.Release|Any CPU.ActiveCfg = Release|Any CPU
		{7E1DE3EC-3325-4F95-B306-616E1FA23B40}.Release|Any CPU.Build.0 = Release|Any CPU
		{F8A529A2-4CF8-4651-B0E8-B43B26C66753}.Debug_Autosort|Any CPU.ActiveCfg = Debug|Any CPU
		{F8A529A2-4CF8-4651-B0E8-B43B26C66753}.Debug_Autosort|Any CPU.Build.0 = Debug|Any CPU
		{F8A529A2-4CF8-4651-B0E8-B43B26C66753}.Debug|Any CPU.ActiveCfg = Debug|Any CPU
		{F8A529A2-4CF8-4651-B0E8-B43B26C66753}.Debug|Any CPU.Build.0 = Debug|Any CPU
		{F8A529A2-4CF8-4651-B0E8-B43B26C66753}.Release|Any CPU.ActiveCfg = Release|Any CPU
		{F8A529A2-4CF8-4651-B0E8-B43B26C66753}.Release|Any CPU.Build.0 = Release|Any CPU
		{1CC2A3A8-342F-4C3F-83C7-249882920D71}.Debug_Autosort|Any CPU.ActiveCfg = Debug|Any CPU
		{1CC2A3A8-342F-4C3F-83C7-249882920D71}.Debug_Autosort|Any CPU.Build.0 = Debug|Any CPU
		{1CC2A3A8-342F-4C3F-83C7-249882920D71}.Debug|Any CPU.ActiveCfg = Debug|Any CPU
		{1CC2A3A8-342F-4C3F-83C7-249882920D71}.Debug|Any CPU.Build.0 = Debug|Any CPU
		{1CC2A3A8-342F-4C3F-83C7-249882920D71}.Release|Any CPU.ActiveCfg = Release|Any CPU
		{1CC2A3A8-342F-4C3F-83C7-249882920D71}.Release|Any CPU.Build.0 = Release|Any CPU
		{683A1124-D419-49F6-B602-60A803658315}.Debug_Autosort|Any CPU.ActiveCfg = Debug|Any CPU
		{683A1124-D419-49F6-B602-60A803658315}.Debug_Autosort|Any CPU.Build.0 = Debug|Any CPU
		{683A1124-D419-49F6-B602-60A803658315}.Debug|Any CPU.ActiveCfg = Debug|Any CPU
		{683A1124-D419-49F6-B602-60A803658315}.Debug|Any CPU.Build.0 = Debug|Any CPU
		{683A1124-D419-49F6-B602-60A803658315}.Release|Any CPU.ActiveCfg = Release|Any CPU
		{683A1124-D419-49F6-B602-60A803658315}.Release|Any CPU.Build.0 = Release|Any CPU
		{667BF0BB-F5AB-446C-A6B3-3FAABB2F49D5}.Debug_Autosort|Any CPU.ActiveCfg = Debug|Any CPU
		{667BF0BB-F5AB-446C-A6B3-3FAABB2F49D5}.Debug_Autosort|Any CPU.Build.0 = Debug|Any CPU
		{667BF0BB-F5AB-446C-A6B3-3FAABB2F49D5}.Debug|Any CPU.ActiveCfg = Debug|Any CPU
		{667BF0BB-F5AB-446C-A6B3-3FAABB2F49D5}.Debug|Any CPU.Build.0 = Debug|Any CPU
		{667BF0BB-F5AB-446C-A6B3-3FAABB2F49D5}.Release|Any CPU.ActiveCfg = Release|Any CPU
		{667BF0BB-F5AB-446C-A6B3-3FAABB2F49D5}.Release|Any CPU.Build.0 = Release|Any CPU
		{FD7B0BB5-6BCF-45B6-9145-10A8F0FEF277}.Debug_Autosort|Any CPU.ActiveCfg = Debug|Any CPU
		{FD7B0BB5-6BCF-45B6-9145-10A8F0FEF277}.Debug_Autosort|Any CPU.Build.0 = Debug|Any CPU
		{FD7B0BB5-6BCF-45B6-9145-10A8F0FEF277}.Debug|Any CPU.ActiveCfg = Debug|Any CPU
		{FD7B0BB5-6BCF-45B6-9145-10A8F0FEF277}.Debug|Any CPU.Build.0 = Debug|Any CPU
		{FD7B0BB5-6BCF-45B6-9145-10A8F0FEF277}.Release|Any CPU.ActiveCfg = Release|Any CPU
		{FD7B0BB5-6BCF-45B6-9145-10A8F0FEF277}.Release|Any CPU.Build.0 = Release|Any CPU
		{03B89974-4EA6-4CD4-8C9F-C039EB81DE5F}.Debug_Autosort|Any CPU.ActiveCfg = Debug|Any CPU
		{03B89974-4EA6-4CD4-8C9F-C039EB81DE5F}.Debug_Autosort|Any CPU.Build.0 = Debug|Any CPU
		{03B89974-4EA6-4CD4-8C9F-C039EB81DE5F}.Debug|Any CPU.ActiveCfg = Debug|Any CPU
		{03B89974-4EA6-4CD4-8C9F-C039EB81DE5F}.Debug|Any CPU.Build.0 = Debug|Any CPU
		{03B89974-4EA6-4CD4-8C9F-C039EB81DE5F}.Release|Any CPU.ActiveCfg = Release|Any CPU
		{03B89974-4EA6-4CD4-8C9F-C039EB81DE5F}.Release|Any CPU.Build.0 = Release|Any CPU
		{B4A7744B-F777-426C-94CD-1470B680B5B7}.Debug_Autosort|Any CPU.ActiveCfg = Debug|Any CPU
		{B4A7744B-F777-426C-94CD-1470B680B5B7}.Debug_Autosort|Any CPU.Build.0 = Debug|Any CPU
		{B4A7744B-F777-426C-94CD-1470B680B5B7}.Debug|Any CPU.ActiveCfg = Debug|Any CPU
		{B4A7744B-F777-426C-94CD-1470B680B5B7}.Debug|Any CPU.Build.0 = Debug|Any CPU
		{B4A7744B-F777-426C-94CD-1470B680B5B7}.Release|Any CPU.ActiveCfg = Release|Any CPU
		{B4A7744B-F777-426C-94CD-1470B680B5B7}.Release|Any CPU.Build.0 = Release|Any CPU
		{2EBF18DB-437E-4A9A-A03C-06770A3F9CB6}.Debug_Autosort|Any CPU.ActiveCfg = Debug|Any CPU
		{2EBF18DB-437E-4A9A-A03C-06770A3F9CB6}.Debug_Autosort|Any CPU.Build.0 = Debug|Any CPU
		{2EBF18DB-437E-4A9A-A03C-06770A3F9CB6}.Debug|Any CPU.ActiveCfg = Debug|Any CPU
		{2EBF18DB-437E-4A9A-A03C-06770A3F9CB6}.Debug|Any CPU.Build.0 = Debug|Any CPU
		{2EBF18DB-437E-4A9A-A03C-06770A3F9CB6}.Release|Any CPU.ActiveCfg = Release|Any CPU
		{2EBF18DB-437E-4A9A-A03C-06770A3F9CB6}.Release|Any CPU.Build.0 = Release|Any CPU
	EndGlobalSection
	GlobalSection(SolutionProperties) = preSolution
		HideSolutionNode = FALSE
	EndGlobalSection
	GlobalSection(ExtensibilityGlobals) = postSolution
		SolutionGuid = {CDBD310C-8412-406C-B7E8-237B7CF7336D}
	EndGlobalSection
EndGlobal
