
Microsoft Visual Studio Solution File, Format Version 12.00
# Visual Studio 15
VisualStudioVersion = 15.0.26730.16
MinimumVisualStudioVersion = 10.0.40219.1
Project("{FAE04EC0-301F-11D3-BF4B-00C04F79EFBC}") = "MoreQuickSlots", "MoreQuickSlots\MoreQuickSlots.csproj", "{2B390DAA-56B9-42D9-BAD4-8A47736C0563}"
EndProject
Project("{FAE04EC0-301F-11D3-BF4B-00C04F79EFBC}") = "ModInjector_MoreQuickSlots", "ModInjector_MoreQuickSlots\ModInjector_MoreQuickSlots.csproj", "{09868E2D-416A-441C-9D9A-19D791E8FC42}"
EndProject
Global
	GlobalSection(SolutionConfigurationPlatforms) = preSolution
		Debug|Any CPU = Debug|Any CPU
		Release|Any CPU = Release|Any CPU
	EndGlobalSection
	GlobalSection(ProjectConfigurationPlatforms) = postSolution
		{2B390DAA-56B9-42D9-BAD4-8A47736C0563}.Debug|Any CPU.ActiveCfg = Debug|Any CPU
		{2B390DAA-56B9-42D9-BAD4-8A47736C0563}.Debug|Any CPU.Build.0 = Debug|Any CPU
		{2B390DAA-56B9-42D9-BAD4-8A47736C0563}.Release|Any CPU.ActiveCfg = Release|Any CPU
		{2B390DAA-56B9-42D9-BAD4-8A47736C0563}.Release|Any CPU.Build.0 = Release|Any CPU
		{09868E2D-416A-441C-9D9A-19D791E8FC42}.Debug|Any CPU.ActiveCfg = Debug|Any CPU
		{09868E2D-416A-441C-9D9A-19D791E8FC42}.Debug|Any CPU.Build.0 = Debug|Any CPU
		{09868E2D-416A-441C-9D9A-19D791E8FC42}.Release|Any CPU.ActiveCfg = Release|Any CPU
		{09868E2D-416A-441C-9D9A-19D791E8FC42}.Release|Any CPU.Build.0 = Release|Any CPU
	EndGlobalSection
	GlobalSection(SolutionProperties) = preSolution
		HideSolutionNode = FALSE
	EndGlobalSection
	GlobalSection(ExtensibilityGlobals) = postSolution
		SolutionGuid = {CDBD310C-8412-406C-B7E8-237B7CF7336D}
	EndGlobalSection
EndGlobal
